
Microsoft Visual Studio Solution File, Format Version 12.00
# Visual Studio Version 17
VisualStudioVersion = 17.14.36127.28 d17.14
MinimumVisualStudioVersion = 10.0.40219.1
Project("{FAE04EC0-301F-11D3-BF4B-00C04F79EFBC}") = "Tarea", "Tarea\Tarea.csproj", "{9C997509-5352-4BB7-ACB4-4AA9206FE26E}"
EndProject
Global
	GlobalSection(SolutionConfigurationPlatforms) = preSolution
		Debug|Any CPU = Debug|Any CPU
		Release|Any CPU = Release|Any CPU
	EndGlobalSection
	GlobalSection(ProjectConfigurationPlatforms) = postSolution
		{9C997509-5352-4BB7-ACB4-4AA9206FE26E}.Debug|Any CPU.ActiveCfg = Debug|Any CPU
		{9C997509-5352-4BB7-ACB4-4AA9206FE26E}.Debug|Any CPU.Build.0 = Debug|Any CPU
		{9C997509-5352-4BB7-ACB4-4AA9206FE26E}.Release|Any CPU.ActiveCfg = Release|Any CPU
		{9C997509-5352-4BB7-ACB4-4AA9206FE26E}.Release|Any CPU.Build.0 = Release|Any CPU
	EndGlobalSection
	GlobalSection(SolutionProperties) = preSolution
		HideSolutionNode = FALSE
	EndGlobalSection
	GlobalSection(ExtensibilityGlobals) = postSolution
		SolutionGuid = {4D429CE6-FD3C-4CE1-8E19-AA1346F2A4D0}
	EndGlobalSection
EndGlobal
